
Microsoft Visual Studio Solution File, Format Version 12.00
# Visual Studio Version 16
VisualStudioVersion = 16.0.29926.136
MinimumVisualStudioVersion = 10.0.40219.1
Project("{FAE04EC0-301F-11D3-BF4B-00C04F79EFBC}") = "QuantityMeasurement", "QuantityMeasurement\QuantityMeasurement.csproj", "{921E3D67-B341-4F2B-BD60-D01B77D7FEA0}"
EndProject
Global
	GlobalSection(SolutionConfigurationPlatforms) = preSolution
		Debug|Any CPU = Debug|Any CPU
		Release|Any CPU = Release|Any CPU
	EndGlobalSection
	GlobalSection(ProjectConfigurationPlatforms) = postSolution
		{921E3D67-B341-4F2B-BD60-D01B77D7FEA0}.Debug|Any CPU.ActiveCfg = Debug|Any CPU
		{921E3D67-B341-4F2B-BD60-D01B77D7FEA0}.Debug|Any CPU.Build.0 = Debug|Any CPU
		{921E3D67-B341-4F2B-BD60-D01B77D7FEA0}.Release|Any CPU.ActiveCfg = Release|Any CPU
		{921E3D67-B341-4F2B-BD60-D01B77D7FEA0}.Release|Any CPU.Build.0 = Release|Any CPU
	EndGlobalSection
	GlobalSection(SolutionProperties) = preSolution
		HideSolutionNode = FALSE
	EndGlobalSection
	GlobalSection(ExtensibilityGlobals) = postSolution
		SolutionGuid = {6C253811-CAF7-4679-BFB5-5DEDE83BC173}
	EndGlobalSection
EndGlobal
